// !$*UTF8*$!
{
	archiveVersion = 1;
	classes = {
	};
	objectVersion = 50;
	objects = {

/* Begin PBXBuildFile section */
		75ABB57721430663002D9290 /* thanos car.jpg in Resources */ = {isa = PBXBuildFile; fileRef = 75ABB57621430663002D9290 /* thanos car.jpg */; };
		75ABB57921430985002D9290 /* readme.md in Resources */ = {isa = PBXBuildFile; fileRef = 75ABB57821430985002D9290 /* readme.md */; };
		75BFFCCE2141CCE400C0B754 /* AppDelegate.swift in Sources */ = {isa = PBXBuildFile; fileRef = 75BFFCCD2141CCE400C0B754 /* AppDelegate.swift */; };
		75BFFCD02141CCE400C0B754 /* ViewController.swift in Sources */ = {isa = PBXBuildFile; fileRef = 75BFFCCF2141CCE400C0B754 /* ViewController.swift */; };
		75BFFCD32141CCE400C0B754 /* Main.storyboard in Resources */ = {isa = PBXBuildFile; fileRef = 75BFFCD12141CCE400C0B754 /* Main.storyboard */; };
		75BFFCD52141CCE500C0B754 /* Assets.xcassets in Resources */ = {isa = PBXBuildFile; fileRef = 75BFFCD42141CCE500C0B754 /* Assets.xcassets */; };
		75BFFCD82141CCE500C0B754 /* LaunchScreen.storyboard in Resources */ = {isa = PBXBuildFile; fileRef = 75BFFCD62141CCE500C0B754 /* LaunchScreen.storyboard */; };
/* End PBXBuildFile section */

/* Begin PBXFileReference section */
		75ABB57621430663002D9290 /* thanos car.jpg */ = {isa = PBXFileReference; lastKnownFileType = image.jpeg; name = "thanos car.jpg"; path = "../../../Downloads/thanos car.jpg"; sourceTree = "<group>"; };
		75ABB57821430985002D9290 /* readme.md */ = {isa = PBXFileReference; lastKnownFileType = net.daringfireball.markdown; path = readme.md; sourceTree = "<group>"; };
		75BFFCCA2141CCE400C0B754 /* Github ex.app */ = {isa = PBXFileReference; explicitFileType = wrapper.application; includeInIndex = 0; path = "Github ex.app"; sourceTree = BUILT_PRODUCTS_DIR; };
		75BFFCCD2141CCE400C0B754 /* AppDelegate.swift */ = {isa = PBXFileReference; lastKnownFileType = sourcecode.swift; path = AppDelegate.swift; sourceTree = "<group>"; };
		75BFFCCF2141CCE400C0B754 /* ViewController.swift */ = {isa = PBXFileReference; lastKnownFileType = sourcecode.swift; path = ViewController.swift; sourceTree = "<group>"; };
		75BFFCD22141CCE400C0B754 /* Base */ = {isa = PBXFileReference; lastKnownFileType = file.storyboard; name = Base; path = Base.lproj/Main.storyboard; sourceTree = "<group>"; };
		75BFFCD42141CCE500C0B754 /* Assets.xcassets */ = {isa = PBXFileReference; lastKnownFileType = folder.assetcatalog; path = Assets.xcassets; sourceTree = "<group>"; };
		75BFFCD72141CCE500C0B754 /* Base */ = {isa = PBXFileReference; lastKnownFileType = file.storyboard; name = Base; path = Base.lproj/LaunchScreen.storyboard; sourceTree = "<group>"; };
		75BFFCD92141CCE500C0B754 /* Info.plist */ = {isa = PBXFileReference; lastKnownFileType = text.plist.xml; path = Info.plist; sourceTree = "<group>"; };
/* End PBXFileReference section */

/* Begin PBXFrameworksBuildPhase section */
		75BFFCC72141CCE400C0B754 /* Frameworks */ = {
			isa = PBXFrameworksBuildPhase;
			buildActionMask = 2147483647;
			files = (
			);
			runOnlyForDeploymentPostprocessing = 0;
		};
/* End PBXFrameworksBuildPhase section */

/* Begin PBXGroup section */
		75BFFCC12141CCE400C0B754 = {
			isa = PBXGroup;
			children = (
				75ABB57821430985002D9290 /* readme.md */,
				75BFFCCC2141CCE400C0B754 /* Github ex */,
				75BFFCCB2141CCE400C0B754 /* Products */,
			);
			sourceTree = "<group>";
		};
		75BFFCCB2141CCE400C0B754 /* Products */ = {
			isa = PBXGroup;
			children = (
				75BFFCCA2141CCE400C0B754 /* Github ex.app */,
			);
			name = Products;
			sourceTree = "<group>";
		};
		75BFFCCC2141CCE400C0B754 /* Github ex */ = {
			isa = PBXGroup;
			children = (
				75BFFCCD2141CCE400C0B754 /* AppDelegate.swift */,
				75BFFCCF2141CCE400C0B754 /* ViewController.swift */,
				75BFFCD12141CCE400C0B754 /* Main.storyboard */,
				75BFFCD42141CCE500C0B754 /* Assets.xcassets */,
				75BFFCD62141CCE500C0B754 /* LaunchScreen.storyboard */,
				75ABB57621430663002D9290 /* thanos car.jpg */,
				75BFFCD92141CCE500C0B754 /* Info.plist */,
			);
			path = "Github ex";
			sourceTree = "<group>";
		};
/* End PBXGroup section */

/* Begin PBXNativeTarget section */
		75BFFCC92141CCE400C0B754 /* Github ex */ = {
			isa = PBXNativeTarget;
			buildConfigurationList = 75BFFCDC2141CCE500C0B754 /* Build configuration list for PBXNativeTarget "Github ex" */;
			buildPhases = (
				75BFFCC62141CCE400C0B754 /* Sources */,
				75BFFCC72141CCE400C0B754 /* Frameworks */,
				75BFFCC82141CCE400C0B754 /* Resources */,
			);
			buildRules = (
			);
			dependencies = (
			);
			name = "Github ex";
			productName = "Github ex";
			productReference = 75BFFCCA2141CCE400C0B754 /* Github ex.app */;
			productType = "com.apple.product-type.application";
		};
/* End PBXNativeTarget section */

/* Begin PBXProject section */
		75BFFCC22141CCE400C0B754 /* Project object */ = {
			isa = PBXProject;
			attributes = {
				LastSwiftUpdateCheck = 0940;
				LastUpgradeCheck = 0940;
				ORGANIZATIONNAME = "David Ashieze";
				TargetAttributes = {
					75BFFCC92141CCE400C0B754 = {
						CreatedOnToolsVersion = 9.4.1;
					};
				};
			};
			buildConfigurationList = 75BFFCC52141CCE400C0B754 /* Build configuration list for PBXProject "Github ex" */;
			compatibilityVersion = "Xcode 9.3";
			developmentRegion = en;
			hasScannedForEncodings = 0;
			knownRegions = (
				en,
				Base,
			);
			mainGroup = 75BFFCC12141CCE400C0B754;
			productRefGroup = 75BFFCCB2141CCE400C0B754 /* Products */;
			projectDirPath = "";
			projectRoot = "";
			targets = (
				75BFFCC92141CCE400C0B754 /* Github ex */,
			);
		};
/* End PBXProject section */

/* Begin PBXResourcesBuildPhase section */
		75BFFCC82141CCE400C0B754 /* Resources */ = {
			isa = PBXResourcesBuildPhase;
			buildActionMask = 2147483647;
			files = (
				75ABB57721430663002D9290 /* thanos car.jpg in Resources */,
				75BFFCD82141CCE500C0B754 /* LaunchScreen.storyboard in Resources */,
				75BFFCD52141CCE500C0B754 /* Assets.xcassets in Resources */,
				75ABB57921430985002D9290 /* readme.md in Resources */,
				75BFFCD32141CCE400C0B754 /* Main.storyboard in Resources */,
			);
			runOnlyForDeploymentPostprocessing = 0;
		};
/* End PBXResourcesBuildPhase section */

/* Begin PBXSourcesBuildPhase section */
		75BFFCC62141CCE400C0B754 /* Sources */ = {
			isa = PBXSourcesBuildPhase;
			buildActionMask = 2147483647;
			files = (
				75BFFCD02141CCE400C0B754 /* ViewController.swift in Sources */,
				75BFFCCE2141CCE400C0B754 /* AppDelegate.swift in Sources */,
			);
			runOnlyForDeploymentPostprocessing = 0;
		};
/* End PBXSourcesBuildPhase section */

/* Begin PBXVariantGroup section */
		75BFFCD12141CCE400C0B754 /* Main.storyboard */ = {
			isa = PBXVariantGroup;
			children = (
				75BFFCD22141CCE400C0B754 /* Base */,
			);
			name = Main.storyboard;
			sourceTree = "<group>";
		};
		75BFFCD62141CCE500C0B754 /* LaunchScreen.storyboard */ = {
			isa = PBXVariantGroup;
			children = (
				75BFFCD72141CCE500C0B754 /* Base */,
			);
			name = LaunchScreen.storyboard;
			sourceTree = "<group>";
		};
/* End PBXVariantGroup section */

/* Begin XCBuildConfiguration section */
		75BFFCDA2141CCE500C0B754 /* Debug */ = {
			isa = XCBuildConfiguration;
			buildSettings = {
				ALWAYS_SEARCH_USER_PATHS = NO;
				CLANG_ANALYZER_NONNULL = YES;
				CLANG_ANALYZER_NUMBER_OBJECT_CONVERSION = YES_AGGRESSIVE;
				CLANG_CXX_LANGUAGE_STANDARD = "gnu++14";
				CLANG_CXX_LIBRARY = "libc++";
				CLANG_ENABLE_MODULES = YES;
				CLANG_ENABLE_OBJC_ARC = YES;
				CLANG_ENABLE_OBJC_WEAK = YES;
				CLANG_WARN_BLOCK_CAPTURE_AUTORELEASING = YES;
				CLANG_WARN_BOOL_CONVERSION = YES;
				CLANG_WARN_COMMA = YES;
				CLANG_WARN_CONSTANT_CONVERSION = YES;
				CLANG_WARN_DEPRECATED_OBJC_IMPLEMENTATIONS = YES;
				CLANG_WARN_DIRECT_OBJC_ISA_USAGE = YES_ERROR;
				CLANG_WARN_DOCUMENTATION_COMMENTS = YES;
				CLANG_WARN_EMPTY_BODY = YES;
				CLANG_WARN_ENUM_CONVERSION = YES;
				CLANG_WARN_INFINITE_RECURSION = YES;
				CLANG_WARN_INT_CONVERSION = YES;
				CLANG_WARN_NON_LITERAL_NULL_CONVERSION = YES;
				CLANG_WARN_OBJC_IMPLICIT_RETAIN_SELF = YES;
				CLANG_WARN_OBJC_LITERAL_CONVERSION = YES;
				CLANG_WARN_OBJC_ROOT_CLASS = YES_ERROR;
				CLANG_WARN_RANGE_LOOP_ANALYSIS = YES;
				CLANG_WARN_STRICT_PROTOTYPES = YES;
				CLANG_WARN_SUSPICIOUS_MOVE = YES;
				CLANG_WARN_UNGUARDED_AVAILABILITY = YES_AGGRESSIVE;
				CLANG_WARN_UNREACHABLE_CODE = YES;
				CLANG_WARN__DUPLICATE_METHOD_MATCH = YES;
				CODE_SIGN_IDENTITY = "iPhone Developer";
				COPY_PHASE_STRIP = NO;
				DEBUG_INFORMATION_FORMAT = dwarf;
				ENABLE_STRICT_OBJC_MSGSEND = YES;
				ENABLE_TESTABILITY = YES;
				GCC_C_LANGUAGE_STANDARD = gnu11;
				GCC_DYNAMIC_NO_PIC = NO;
				GCC_NO_COMMON_BLOCKS = YES;
				GCC_OPTIMIZATION_LEVEL = 0;
				GCC_PREPROCESSOR_DEFINITIONS = (
					"DEBUG=1",
					"$(inherited)",
				);
				GCC_WARN_64_TO_32_BIT_CONVERSION = YES;
				GCC_WARN_ABOUT_RETURN_TYPE = YES_ERROR;
				GCC_WARN_UNDECLARED_SELECTOR = YES;
				GCC_WARN_UNINITIALIZED_AUTOS = YES_AGGRESSIVE;
				GCC_WARN_UNUSED_FUNCTION = YES;
				GCC_WARN_UNUSED_VARIABLE = YES;
				IPHONEOS_DEPLOYMENT_TARGET = 11.4;
				MTL_ENABLE_DEBUG_INFO = YES;
				ONLY_ACTIVE_ARCH = YES;
				SDKROOT = iphoneos;
				SWIFT_ACTIVE_COMPILATION_CONDITIONS = DEBUG;
				SWIFT_OPTIMIZATION_LEVEL = "-Onone";
			};
			name = Debug;
		};
		75BFFCDB2141CCE500C0B754 /* Release */ = {
			isa = XCBuildConfiguration;
			buildSettings = {
				ALWAYS_SEARCH_USER_PATHS = NO;
				CLANG_ANALYZER_NONNULL = YES;
				CLANG_ANALYZER_NUMBER_OBJECT_CONVERSION = YES_AGGRESSIVE;
				CLANG_CXX_LANGUAGE_STANDARD = "gnu++14";
				CLANG_CXX_LIBRARY = "libc++";
				CLANG_ENABLE_MODULES = YES;
				CLANG_ENABLE_OBJC_ARC = YES;
				CLANG_ENABLE_OBJC_WEAK = YES;
				CLANG_WARN_BLOCK_CAPTURE_AUTORELEASING = YES;
				CLANG_WARN_BOOL_CONVERSION = YES;
				CLANG_WARN_COMMA = YES;
				CLANG_WARN_CONSTANT_CONVERSION = YES;
				CLANG_WARN_DEPRECATED_OBJC_IMPLEMENTATIONS = YES;
				CLANG_WARN_DIRECT_OBJC_ISA_USAGE = YES_ERROR;
				CLANG_WARN_DOCUMENTATION_COMMENTS = YES;
				CLANG_WARN_EMPTY_BODY = YES;
				CLANG_WARN_ENUM_CONVERSION = YES;
				CLANG_WARN_INFINITE_RECURSION = YES;
				CLANG_WARN_INT_CONVERSION = YES;
				CLANG_WARN_NON_LITERAL_NULL_CONVERSION = YES;
				CLANG_WARN_OBJC_IMPLICIT_RETAIN_SELF = YES;
				CLANG_WARN_OBJC_LITERAL_CONVERSION = YES;
				CLANG_WARN_OBJC_ROOT_CLASS = YES_ERROR;
				CLANG_WARN_RANGE_LOOP_ANALYSIS = YES;
				CLANG_WARN_STRICT_PROTOTYPES = YES;
				CLANG_WARN_SUSPICIOUS_MOVE = YES;
				CLANG_WARN_UNGUARDED_AVAILABILITY = YES_AGGRESSIVE;
				CLANG_WARN_UNREACHABLE_CODE = YES;
				CLANG_WARN__DUPLICATE_METHOD_MATCH = YES;
				CODE_SIGN_IDENTITY = "iPhone Developer";
				COPY_PHASE_STRIP = NO;
				DEBUG_INFORMATION_FORMAT = "dwarf-with-dsym";
				ENABLE_NS_ASSERTIONS = NO;
				ENABLE_STRICT_OBJC_MSGSEND = YES;
				GCC_C_LANGUAGE_STANDARD = gnu11;
				GCC_NO_COMMON_BLOCKS = YES;
				GCC_WARN_64_TO_32_BIT_CONVERSION = YES;
				GCC_WARN_ABOUT_RETURN_TYPE = YES_ERROR;
				GCC_WARN_UNDECLARED_SELECTOR = YES;
				GCC_WARN_UNINITIALIZED_AUTOS = YES_AGGRESSIVE;
				GCC_WARN_UNUSED_FUNCTION = YES;
				GCC_WARN_UNUSED_VARIABLE = YES;
				IPHONEOS_DEPLOYMENT_TARGET = 11.4;
				MTL_ENABLE_DEBUG_INFO = NO;
				SDKROOT = iphoneos;
				SWIFT_COMPILATION_MODE = wholemodule;
				SWIFT_OPTIMIZATION_LEVEL = "-O";
				VALIDATE_PRODUCT = YES;
			};
			name = Release;
		};
		75BFFCDD2141CCE500C0B754 /* Debug */ = {
			isa = XCBuildConfiguration;
			buildSettings = {
				ASSETCATALOG_COMPILER_APPICON_NAME = AppIcon;
				CODE_SIGN_STYLE = Automatic;
				INFOPLIST_FILE = "Github ex/Info.plist";
				LD_RUNPATH_SEARCH_PATHS = (
					"$(inherited)",
					"@executable_path/Frameworks",
				);
				PRODUCT_BUNDLE_IDENTIFIER = "com.doggo.Github-ex";
				PRODUCT_NAME = "$(TARGET_NAME)";
				SWIFT_VERSION = 4.0;
				TARGETED_DEVICE_FAMILY = "1,2";
			};
			name = Debug;
		};
		75BFFCDE2141CCE500C0B754 /* Release */ = {
			isa = XCBuildConfiguration;
			buildSettings = {
				ASSETCATALOG_COMPILER_APPICON_NAME = AppIcon;
				CODE_SIGN_STYLE = Automatic;
				INFOPLIST_FILE = "Github ex/Info.plist";
				LD_RUNPATH_SEARCH_PATHS = (
					"$(inherited)",
					"@executable_path/Frameworks",
				);
				PRODUCT_BUNDLE_IDENTIFIER = "com.doggo.Github-ex";
				PRODUCT_NAME = "$(TARGET_NAME)";
				SWIFT_VERSION = 4.0;
				TARGETED_DEVICE_FAMILY = "1,2";
			};
			name = Release;
		};
/* End XCBuildConfiguration section */

/* Begin XCConfigurationList section */
		75BFFCC52141CCE400C0B754 /* Build configuration list for PBXProject "Github ex" */ = {
			isa = XCConfigurationList;
			buildConfigurations = (
				75BFFCDA2141CCE500C0B754 /* Debug */,
				75BFFCDB2141CCE500C0B754 /* Release */,
			);
			defaultConfigurationIsVisible = 0;
			defaultConfigurationName = Release;
		};
		75BFFCDC2141CCE500C0B754 /* Build configuration list for PBXNativeTarget "Github ex" */ = {
			isa = XCConfigurationList;
			buildConfigurations = (
				75BFFCDD2141CCE500C0B754 /* Debug */,
				75BFFCDE2141CCE500C0B754 /* Release */,
			);
			defaultConfigurationIsVisible = 0;
			defaultConfigurationName = Release;
		};
/* End XCConfigurationList section */
	};
	rootObject = 75BFFCC22141CCE400C0B754 /* Project object */;
}
